// !$*UTF8*$!
{
	archiveVersion = 1;
	classes = {
	};
	objectVersion = 51;
	objects = {

/* Begin PBXBuildFile section */
		FA0A8CD8259737F800226E0E /* ViewControllerLayoutSubViews.m in Sources */ = {isa = PBXBuildFile; fileRef = FA0A8CD7259737F800226E0E /* ViewControllerLayoutSubViews.m */; };
		FA0A8CDE259738FC00226E0E /* KKScrollView.m in Sources */ = {isa = PBXBuildFile; fileRef = FA0A8CDD259738FC00226E0E /* KKScrollView.m */; };
		FA0E30DF257F9C1200BB9501 /* ViewControllerSpec.m in Sources */ = {isa = PBXBuildFile; fileRef = FA0E30DE257F9C1200BB9501 /* ViewControllerSpec.m */; };
		FA1932BA24C45F62000A8B8A /* ViewController4.m in Sources */ = {isa = PBXBuildFile; fileRef = FA1932B924C45F62000A8B8A /* ViewController4.m */; };
		FA1CC66A2479133400906BFA /* ViewController3.m in Sources */ = {isa = PBXBuildFile; fileRef = FA1CC6692479133400906BFA /* ViewController3.m */; };
		FA2B434425B3F09300F72D47 /* Localizable.strings in Resources */ = {isa = PBXBuildFile; fileRef = FA2B434625B3F09300F72D47 /* Localizable.strings */; };
		FA2B435025B3F47B00F72D47 /* language.plist in Resources */ = {isa = PBXBuildFile; fileRef = FA2B434F25B3F47B00F72D47 /* language.plist */; };
		FA33AF0E2577B6670004B876 /* ViewController8.m in Sources */ = {isa = PBXBuildFile; fileRef = FA33AF0D2577B6670004B876 /* ViewController8.m */; };
		FA33AF1E257898D30004B876 /* product_detail_skeleton_screen_dark@3x.jpg in Resources */ = {isa = PBXBuildFile; fileRef = FA33AF1C257898D30004B876 /* product_detail_skeleton_screen_dark@3x.jpg */; };
		FA33AF1F257898D30004B876 /* product_detail_skeleton@3x.jpg in Resources */ = {isa = PBXBuildFile; fileRef = FA33AF1D257898D30004B876 /* product_detail_skeleton@3x.jpg */; };
		FA33AF252578B30A0004B876 /* 画板@2x.jpg in Resources */ = {isa = PBXBuildFile; fileRef = FA33AF232578B3090004B876 /* 画板@2x.jpg */; };
		FA33AF262578B30A0004B876 /* 画板@3x.jpg in Resources */ = {isa = PBXBuildFile; fileRef = FA33AF242578B3090004B876 /* 画板@3x.jpg */; };
		FA33AF2B2578B6280004B876 /* 画板@1x.jpg in Resources */ = {isa = PBXBuildFile; fileRef = FA33AF2A2578B6280004B876 /* 画板@1x.jpg */; };
		FA3DB152258DF4E200994962 /* PersonModel.m in Sources */ = {isa = PBXBuildFile; fileRef = FA3DB151258DF4E200994962 /* PersonModel.m */; };
		FA3DB15B258DF55900994962 /* ViewControllerUserSaveModel.m in Sources */ = {isa = PBXBuildFile; fileRef = FA3DB15A258DF55900994962 /* ViewControllerUserSaveModel.m */; };
		FA4ECC9625B6BC8F0015E5A8 /* VVScrollHelper.m in Sources */ = {isa = PBXBuildFile; fileRef = FA4ECC9525B6BC8F0015E5A8 /* VVScrollHelper.m */; };
		FA4ECC9C25B6BCB10015E5A8 /* HeaderExpandViewController.m in Sources */ = {isa = PBXBuildFile; fileRef = FA4ECC9B25B6BCB10015E5A8 /* HeaderExpandViewController.m */; };
		FA4ECCA225B6BD710015E5A8 /* me_background_expanding@2x.png in Resources */ = {isa = PBXBuildFile; fileRef = FA4ECCA025B6BD6F0015E5A8 /* me_background_expanding@2x.png */; };
		FA4ECCA325B6BD710015E5A8 /* me_background_expanding@3x.png in Resources */ = {isa = PBXBuildFile; fileRef = FA4ECCA125B6BD700015E5A8 /* me_background_expanding@3x.png */; };
		FA4ECCA925B6BE480015E5A8 /* VVCustomCollectionViewLayout.m in Sources */ = {isa = PBXBuildFile; fileRef = FA4ECCA825B6BE470015E5A8 /* VVCustomCollectionViewLayout.m */; };
		FA4ECCAF25B6BF840015E5A8 /* NSArray+DataProtect.m in Sources */ = {isa = PBXBuildFile; fileRef = FA4ECCAE25B6BF830015E5A8 /* NSArray+DataProtect.m */; };
		FA4FC2F22435B2970023B10C /* ViewController.m in Sources */ = {isa = PBXBuildFile; fileRef = FA4FC2F12435B2970023B10C /* ViewController.m */; };
		FA5134FD2591CC2F00B6D611 /* ViewControllerDecorationView.m in Sources */ = {isa = PBXBuildFile; fileRef = FA5134FC2591CC2F00B6D611 /* ViewControllerDecorationView.m */; };
		FA5135062591CC8000B6D611 /* TableViewController.m in Sources */ = {isa = PBXBuildFile; fileRef = FA5135052591CC8000B6D611 /* TableViewController.m */; };
		FA51350C2591CE8000B6D611 /* VVCollectionDecorationLayout.m in Sources */ = {isa = PBXBuildFile; fileRef = FA51350B2591CE8000B6D611 /* VVCollectionDecorationLayout.m */; };
		FA5135122591CEB600B6D611 /* VVBaseCollectionDecorationView.m in Sources */ = {isa = PBXBuildFile; fileRef = FA5135112591CEB600B6D611 /* VVBaseCollectionDecorationView.m */; };
		FA51351A2591CED400B6D611 /* VVCategoryDecorationView.m in Sources */ = {isa = PBXBuildFile; fileRef = FA5135172591CED300B6D611 /* VVCategoryDecorationView.m */; };
		FA51351B2591CED400B6D611 /* VVCategoryBannerDecorationView.m in Sources */ = {isa = PBXBuildFile; fileRef = FA5135182591CED300B6D611 /* VVCategoryBannerDecorationView.m */; };
		FA51363B2595952500B6D611 /* CollectionViewAutoLayoutController.m in Sources */ = {isa = PBXBuildFile; fileRef = FA51363A2595952500B6D611 /* CollectionViewAutoLayoutController.m */; };
		FA513641259595B800B6D611 /* SIZECollectionViewCell.m in Sources */ = {isa = PBXBuildFile; fileRef = FA513640259595B800B6D611 /* SIZECollectionViewCell.m */; };
		FA546F9B24C3E45A005D9E07 /* NSTimer+_9.m in Sources */ = {isa = PBXBuildFile; fileRef = FA546F9A24C3E45A005D9E07 /* NSTimer+_9.m */; };
		FA5745AE2429FAE800D36D28 /* SCSpec.m in Sources */ = {isa = PBXBuildFile; fileRef = FA5745AD2429FAE800D36D28 /* SCSpec.m */; };
		FA5A65C4251DD5F000A183E2 /* ViewController5.m in Sources */ = {isa = PBXBuildFile; fileRef = FA5A65C3251DD5F000A183E2 /* ViewController5.m */; };
		FA5BD7692432DBAA003669B1 /* XCTest.framework in Frameworks */ = {isa = PBXBuildFile; fileRef = FA5BD7682432DBAA003669B1 /* XCTest.framework */; settings = {ATTRIBUTES = (Weak, ); }; };
		FA64B05925B6D4FF00E048AD /* VVKVOItem.m in Sources */ = {isa = PBXBuildFile; fileRef = FA64B04F25B6D4FE00E048AD /* VVKVOItem.m */; };
		FA64B05A25B6D4FF00E048AD /* NSMutableArray+VVKVOHelper.m in Sources */ = {isa = PBXBuildFile; fileRef = FA64B05025B6D4FE00E048AD /* NSMutableArray+VVKVOHelper.m */; };
		FA64B05B25B6D4FF00E048AD /* NSObject+VVKVOHelper.m in Sources */ = {isa = PBXBuildFile; fileRef = FA64B05125B6D4FE00E048AD /* NSObject+VVKVOHelper.m */; };
		FA64B05C25B6D4FF00E048AD /* VVKVOItemManager.m in Sources */ = {isa = PBXBuildFile; fileRef = FA64B05225B6D4FE00E048AD /* VVKVOItemManager.m */; };
		FA64B05D25B6D4FF00E048AD /* VVKVOObserver.m in Sources */ = {isa = PBXBuildFile; fileRef = FA64B05425B6D4FE00E048AD /* VVKVOObserver.m */; };
		FA64B06325B6D5B200E048AD /* NSObject+Swizzle.m in Sources */ = {isa = PBXBuildFile; fileRef = FA64B06225B6D5B200E048AD /* NSObject+Swizzle.m */; };
		FA64B07125B80FB700E048AD /* HeaderExpandViewControllerTableView.m in Sources */ = {isa = PBXBuildFile; fileRef = FA64B06F25B80FB600E048AD /* HeaderExpandViewControllerTableView.m */; };
		FA64B07D25B82F0F00E048AD /* HeaderExpandViewControllerSrollview.m in Sources */ = {isa = PBXBuildFile; fileRef = FA64B07B25B82F0D00E048AD /* HeaderExpandViewControllerSrollview.m */; };
		FA6748D02358A4A0003A268A /* AppDelegate.m in Sources */ = {isa = PBXBuildFile; fileRef = FA6748CF2358A4A0003A268A /* AppDelegate.m */; };
		FA6748D32358A4A1003A268A /* ViewController2.m in Sources */ = {isa = PBXBuildFile; fileRef = FA6748D22358A4A1003A268A /* ViewController2.m */; };
		FA6748D62358A4A1003A268A /* Main.storyboard in Resources */ = {isa = PBXBuildFile; fileRef = FA6748D42358A4A1003A268A /* Main.storyboard */; };
		FA6748D82358A4A4003A268A /* Assets.xcassets in Resources */ = {isa = PBXBuildFile; fileRef = FA6748D72358A4A4003A268A /* Assets.xcassets */; };
		FA6748DB2358A4A4003A268A /* LaunchScreen.storyboard in Resources */ = {isa = PBXBuildFile; fileRef = FA6748D92358A4A4003A268A /* LaunchScreen.storyboard */; };
		FA6748DE2358A4A4003A268A /* main.m in Sources */ = {isa = PBXBuildFile; fileRef = FA6748DD2358A4A4003A268A /* main.m */; };
		FA6748E82358A4A4003A268A /* TEXTTests.m in Sources */ = {isa = PBXBuildFile; fileRef = FA6748E72358A4A4003A268A /* TEXTTests.m */; };
		FA6748F32358A4A4003A268A /* TEXTUITests.m in Sources */ = {isa = PBXBuildFile; fileRef = FA6748F22358A4A4003A268A /* TEXTUITests.m */; };
		FA6B42DE24CABC3D00D291AD /* ViewController6.m in Sources */ = {isa = PBXBuildFile; fileRef = FA6B42DD24CABC3D00D291AD /* ViewController6.m */; };
		FA6E7BF624FE355B00B05096 /* VVCell.m in Sources */ = {isa = PBXBuildFile; fileRef = FA6E7BF524FE355B00B05096 /* VVCell.m */; };
		FA7C0710536655E916DAC280 /* libPods-TEXT.a in Frameworks */ = {isa = PBXBuildFile; fileRef = EC04E0C96FC3FFD9C8BE3A0D /* libPods-TEXT.a */; };
		FA9965DD258B054F004FCF10 /* ViewControllerEnumObject.m in Sources */ = {isa = PBXBuildFile; fileRef = FA9965DC258B054F004FCF10 /* ViewControllerEnumObject.m */; };
		FA9965E7258C7B7A004FCF10 /* ViewControllerNotification.m in Sources */ = {isa = PBXBuildFile; fileRef = FA9965E6258C7B7A004FCF10 /* ViewControllerNotification.m */; };
		FA9965ED258C8861004FCF10 /* SPPageMenu.m in Sources */ = {isa = PBXBuildFile; fileRef = FA9965EC258C8861004FCF10 /* SPPageMenu.m */; };
		FA9965F4258C8891004FCF10 /* ViewControllerSegment.m in Sources */ = {isa = PBXBuildFile; fileRef = FA9965F3258C8891004FCF10 /* ViewControllerSegment.m */; };
		FA9ED33323C03C1800591A54 /* product_detail_spike_bubble@2x.png in Resources */ = {isa = PBXBuildFile; fileRef = FA9ED33123C03C1800591A54 /* product_detail_spike_bubble@2x.png */; };
		FA9ED33423C03C1800591A54 /* product_detail_spike_bubble@3x.png in Resources */ = {isa = PBXBuildFile; fileRef = FA9ED33223C03C1800591A54 /* product_detail_spike_bubble@3x.png */; };
		FAB21687256FB1C700AD338F /* ViewController7.m in Sources */ = {isa = PBXBuildFile; fileRef = FAB21686256FB1C700AD338F /* ViewController7.m */; };
		FAB2168D256FB1FB00AD338F /* 1.png in Resources */ = {isa = PBXBuildFile; fileRef = FAB2168B256FB1FB00AD338F /* 1.png */; };
		FAB2168E256FB1FB00AD338F /* product_detail_skeleton_screen.png in Resources */ = {isa = PBXBuildFile; fileRef = FAB2168C256FB1FB00AD338F /* product_detail_skeleton_screen.png */; };
		FAB4D21923C6FF5D00EAC732 /* ScrolllView.m in Sources */ = {isa = PBXBuildFile; fileRef = FAB4D21823C6FF5D00EAC732 /* ScrolllView.m */; };
		FAB75AE024839CD200FA76E2 /* newuser.js in Resources */ = {isa = PBXBuildFile; fileRef = FAB75ADF24839CD200FA76E2 /* newuser.js */; };
/* End PBXBuildFile section */

/* Begin PBXContainerItemProxy section */
		FA6748E42358A4A4003A268A /* PBXContainerItemProxy */ = {
			isa = PBXContainerItemProxy;
			containerPortal = FA6748C32358A4A0003A268A /* Project object */;
			proxyType = 1;
			remoteGlobalIDString = FA6748CA2358A4A0003A268A;
			remoteInfo = TEXT;
		};
		FA6748EF2358A4A4003A268A /* PBXContainerItemProxy */ = {
			isa = PBXContainerItemProxy;
			containerPortal = FA6748C32358A4A0003A268A /* Project object */;
			proxyType = 1;
			remoteGlobalIDString = FA6748CA2358A4A0003A268A;
			remoteInfo = TEXT;
		};
/* End PBXContainerItemProxy section */

/* Begin PBXFileReference section */
		046BE94170FA33979A4AA72B /* Pods-TEXT.debug.xcconfig */ = {isa = PBXFileReference; includeInIndex = 1; lastKnownFileType = text.xcconfig; name = "Pods-TEXT.debug.xcconfig"; path = "Target Support Files/Pods-TEXT/Pods-TEXT.debug.xcconfig"; sourceTree = "<group>"; };
		2A4C0AB2B40F00DA5DB886D7 /* Pods-TEXT.release.xcconfig */ = {isa = PBXFileReference; includeInIndex = 1; lastKnownFileType = text.xcconfig; name = "Pods-TEXT.release.xcconfig"; path = "Target Support Files/Pods-TEXT/Pods-TEXT.release.xcconfig"; sourceTree = "<group>"; };
		EC04E0C96FC3FFD9C8BE3A0D /* libPods-TEXT.a */ = {isa = PBXFileReference; explicitFileType = archive.ar; includeInIndex = 0; path = "libPods-TEXT.a"; sourceTree = BUILT_PRODUCTS_DIR; };
		FA0A8CD6259737F800226E0E /* ViewControllerLayoutSubViews.h */ = {isa = PBXFileReference; lastKnownFileType = sourcecode.c.h; path = ViewControllerLayoutSubViews.h; sourceTree = "<group>"; };
		FA0A8CD7259737F800226E0E /* ViewControllerLayoutSubViews.m */ = {isa = PBXFileReference; lastKnownFileType = sourcecode.c.objc; path = ViewControllerLayoutSubViews.m; sourceTree = "<group>"; };
		FA0A8CDC259738FC00226E0E /* KKScrollView.h */ = {isa = PBXFileReference; lastKnownFileType = sourcecode.c.h; path = KKScrollView.h; sourceTree = "<group>"; };
		FA0A8CDD259738FC00226E0E /* KKScrollView.m */ = {isa = PBXFileReference; lastKnownFileType = sourcecode.c.objc; path = KKScrollView.m; sourceTree = "<group>"; };
		FA0E30DE257F9C1200BB9501 /* ViewControllerSpec.m */ = {isa = PBXFileReference; lastKnownFileType = sourcecode.c.objc; path = ViewControllerSpec.m; sourceTree = "<group>"; };
		FA1932B824C45F62000A8B8A /* ViewController4.h */ = {isa = PBXFileReference; lastKnownFileType = sourcecode.c.h; path = ViewController4.h; sourceTree = "<group>"; };
		FA1932B924C45F62000A8B8A /* ViewController4.m */ = {isa = PBXFileReference; lastKnownFileType = sourcecode.c.objc; path = ViewController4.m; sourceTree = "<group>"; };
		FA1CC6682479133400906BFA /* ViewController3.h */ = {isa = PBXFileReference; lastKnownFileType = sourcecode.c.h; path = ViewController3.h; sourceTree = "<group>"; };
		FA1CC6692479133400906BFA /* ViewController3.m */ = {isa = PBXFileReference; lastKnownFileType = sourcecode.c.objc; path = ViewController3.m; sourceTree = "<group>"; };
		FA2B433525B3DA5600F72D47 /* zh-Hant */ = {isa = PBXFileReference; lastKnownFileType = text.plist.strings; name = "zh-Hant"; path = "zh-Hant.lproj/Main.strings"; sourceTree = "<group>"; };
		FA2B433625B3DA5800F72D47 /* zh-Hant */ = {isa = PBXFileReference; lastKnownFileType = text.plist.strings; name = "zh-Hant"; path = "zh-Hant.lproj/LaunchScreen.strings"; sourceTree = "<group>"; };
		FA2B433A25B3DE5100F72D47 /* ja */ = {isa = PBXFileReference; lastKnownFileType = text.plist.strings; name = ja; path = ja.lproj/Main.strings; sourceTree = "<group>"; };
		FA2B433B25B3DE5200F72D47 /* ja */ = {isa = PBXFileReference; lastKnownFileType = text.plist.strings; name = ja; path = ja.lproj/LaunchScreen.strings; sourceTree = "<group>"; };
		FA2B434525B3F09300F72D47 /* en */ = {isa = PBXFileReference; lastKnownFileType = text.plist.strings; name = en; path = en.lproj/Localizable.strings; sourceTree = "<group>"; };
		FA2B434725B3F09A00F72D47 /* zh-Hant */ = {isa = PBXFileReference; lastKnownFileType = text.plist.strings; name = "zh-Hant"; path = "zh-Hant.lproj/Localizable.strings"; sourceTree = "<group>"; };
		FA2B434825B3F09D00F72D47 /* ja */ = {isa = PBXFileReference; lastKnownFileType = text.plist.strings; name = ja; path = ja.lproj/Localizable.strings; sourceTree = "<group>"; };
		FA2B434F25B3F47B00F72D47 /* language.plist */ = {isa = PBXFileReference; fileEncoding = 4; lastKnownFileType = text.plist.xml; path = language.plist; sourceTree = "<group>"; };
		FA2B435625B3F9D500F72D47 /* vi */ = {isa = PBXFileReference; lastKnownFileType = text.plist.strings; name = vi; path = vi.lproj/Main.strings; sourceTree = "<group>"; };
		FA2B435725B3F9D500F72D47 /* vi */ = {isa = PBXFileReference; lastKnownFileType = text.plist.strings; name = vi; path = vi.lproj/LaunchScreen.strings; sourceTree = "<group>"; };
		FA2B435825B3F9E500F72D47 /* vi */ = {isa = PBXFileReference; lastKnownFileType = text.plist.strings; name = vi; path = vi.lproj/Localizable.strings; sourceTree = "<group>"; };
		FA2B436725B4024C00F72D47 /* hr */ = {isa = PBXFileReference; lastKnownFileType = text.plist.strings; name = hr; path = hr.lproj/Main.strings; sourceTree = "<group>"; };
		FA2B436825B4024D00F72D47 /* hr */ = {isa = PBXFileReference; lastKnownFileType = text.plist.strings; name = hr; path = hr.lproj/LaunchScreen.strings; sourceTree = "<group>"; };
		FA2B436925B4025700F72D47 /* hr */ = {isa = PBXFileReference; lastKnownFileType = text.plist.strings; name = hr; path = hr.lproj/Localizable.strings; sourceTree = "<group>"; };
		FA33AF0C2577B6670004B876 /* ViewController8.h */ = {isa = PBXFileReference; lastKnownFileType = sourcecode.c.h; path = ViewController8.h; sourceTree = "<group>"; };
		FA33AF0D2577B6670004B876 /* ViewController8.m */ = {isa = PBXFileReference; lastKnownFileType = sourcecode.c.objc; path = ViewController8.m; sourceTree = "<group>"; };
		FA33AF1C257898D30004B876 /* product_detail_skeleton_screen_dark@3x.jpg */ = {isa = PBXFileReference; lastKnownFileType = image.jpeg; path = "product_detail_skeleton_screen_dark@3x.jpg"; sourceTree = "<group>"; };
		FA33AF1D257898D30004B876 /* product_detail_skeleton@3x.jpg */ = {isa = PBXFileReference; lastKnownFileType = image.jpeg; path = "product_detail_skeleton@3x.jpg"; sourceTree = "<group>"; };
		FA33AF232578B3090004B876 /* 画板@2x.jpg */ = {isa = PBXFileReference; lastKnownFileType = image.jpeg; path = "画板@2x.jpg"; sourceTree = "<group>"; };
		FA33AF242578B3090004B876 /* 画板@3x.jpg */ = {isa = PBXFileReference; lastKnownFileType = image.jpeg; path = "画板@3x.jpg"; sourceTree = "<group>"; };
		FA33AF2A2578B6280004B876 /* 画板@1x.jpg */ = {isa = PBXFileReference; lastKnownFileType = image.jpeg; path = "画板@1x.jpg"; sourceTree = "<group>"; };
		FA3DB150258DF4E200994962 /* PersonModel.h */ = {isa = PBXFileReference; lastKnownFileType = sourcecode.c.h; path = PersonModel.h; sourceTree = "<group>"; };
		FA3DB151258DF4E200994962 /* PersonModel.m */ = {isa = PBXFileReference; lastKnownFileType = sourcecode.c.objc; path = PersonModel.m; sourceTree = "<group>"; };
		FA3DB159258DF55900994962 /* ViewControllerUserSaveModel.h */ = {isa = PBXFileReference; lastKnownFileType = sourcecode.c.h; path = ViewControllerUserSaveModel.h; sourceTree = "<group>"; };
		FA3DB15A258DF55900994962 /* ViewControllerUserSaveModel.m */ = {isa = PBXFileReference; lastKnownFileType = sourcecode.c.objc; path = ViewControllerUserSaveModel.m; sourceTree = "<group>"; };
		FA4ECC9425B6BC8F0015E5A8 /* VVScrollHelper.h */ = {isa = PBXFileReference; fileEncoding = 4; lastKnownFileType = sourcecode.c.h; path = VVScrollHelper.h; sourceTree = "<group>"; };
		FA4ECC9525B6BC8F0015E5A8 /* VVScrollHelper.m */ = {isa = PBXFileReference; fileEncoding = 4; lastKnownFileType = sourcecode.c.objc; path = VVScrollHelper.m; sourceTree = "<group>"; };
		FA4ECC9A25B6BCB10015E5A8 /* HeaderExpandViewController.h */ = {isa = PBXFileReference; lastKnownFileType = sourcecode.c.h; path = HeaderExpandViewController.h; sourceTree = "<group>"; };
		FA4ECC9B25B6BCB10015E5A8 /* HeaderExpandViewController.m */ = {isa = PBXFileReference; lastKnownFileType = sourcecode.c.objc; path = HeaderExpandViewController.m; sourceTree = "<group>"; };
		FA4ECCA025B6BD6F0015E5A8 /* me_background_expanding@2x.png */ = {isa = PBXFileReference; lastKnownFileType = image.png; path = "me_background_expanding@2x.png"; sourceTree = "<group>"; };
		FA4ECCA125B6BD700015E5A8 /* me_background_expanding@3x.png */ = {isa = PBXFileReference; lastKnownFileType = image.png; path = "me_background_expanding@3x.png"; sourceTree = "<group>"; };
		FA4ECCA725B6BE430015E5A8 /* VVCustomCollectionViewLayout.h */ = {isa = PBXFileReference; fileEncoding = 4; lastKnownFileType = sourcecode.c.h; path = VVCustomCollectionViewLayout.h; sourceTree = "<group>"; };
		FA4ECCA825B6BE470015E5A8 /* VVCustomCollectionViewLayout.m */ = {isa = PBXFileReference; fileEncoding = 4; lastKnownFileType = sourcecode.c.objc; path = VVCustomCollectionViewLayout.m; sourceTree = "<group>"; };
		FA4ECCAD25B6BF820015E5A8 /* NSArray+DataProtect.h */ = {isa = PBXFileReference; fileEncoding = 4; lastKnownFileType = sourcecode.c.h; path = "NSArray+DataProtect.h"; sourceTree = "<group>"; };
		FA4ECCAE25B6BF830015E5A8 /* NSArray+DataProtect.m */ = {isa = PBXFileReference; fileEncoding = 4; lastKnownFileType = sourcecode.c.objc; path = "NSArray+DataProtect.m"; sourceTree = "<group>"; };
		FA4FC2F02435B2970023B10C /* ViewController.h */ = {isa = PBXFileReference; lastKnownFileType = sourcecode.c.h; path = ViewController.h; sourceTree = "<group>"; };
		FA4FC2F12435B2970023B10C /* ViewController.m */ = {isa = PBXFileReference; lastKnownFileType = sourcecode.c.objc; path = ViewController.m; sourceTree = "<group>"; };
		FA5134FB2591CC2F00B6D611 /* ViewControllerDecorationView.h */ = {isa = PBXFileReference; lastKnownFileType = sourcecode.c.h; path = ViewControllerDecorationView.h; sourceTree = "<group>"; };
		FA5134FC2591CC2F00B6D611 /* ViewControllerDecorationView.m */ = {isa = PBXFileReference; lastKnownFileType = sourcecode.c.objc; path = ViewControllerDecorationView.m; sourceTree = "<group>"; };
		FA5135042591CC8000B6D611 /* TableViewController.h */ = {isa = PBXFileReference; lastKnownFileType = sourcecode.c.h; path = TableViewController.h; sourceTree = "<group>"; };
		FA5135052591CC8000B6D611 /* TableViewController.m */ = {isa = PBXFileReference; lastKnownFileType = sourcecode.c.objc; path = TableViewController.m; sourceTree = "<group>"; };
		FA51350A2591CE8000B6D611 /* VVCollectionDecorationLayout.h */ = {isa = PBXFileReference; fileEncoding = 4; lastKnownFileType = sourcecode.c.h; path = VVCollectionDecorationLayout.h; sourceTree = "<group>"; };
		FA51350B2591CE8000B6D611 /* VVCollectionDecorationLayout.m */ = {isa = PBXFileReference; fileEncoding = 4; lastKnownFileType = sourcecode.c.objc; path = VVCollectionDecorationLayout.m; sourceTree = "<group>"; };
		FA5135102591CEB600B6D611 /* VVBaseCollectionDecorationView.h */ = {isa = PBXFileReference; fileEncoding = 4; lastKnownFileType = sourcecode.c.h; path = VVBaseCollectionDecorationView.h; sourceTree = "<group>"; };
		FA5135112591CEB600B6D611 /* VVBaseCollectionDecorationView.m */ = {isa = PBXFileReference; fileEncoding = 4; lastKnownFileType = sourcecode.c.objc; path = VVBaseCollectionDecorationView.m; sourceTree = "<group>"; };
		FA5135162591CED300B6D611 /* VVCategoryBannerDecorationView.h */ = {isa = PBXFileReference; fileEncoding = 4; lastKnownFileType = sourcecode.c.h; path = VVCategoryBannerDecorationView.h; sourceTree = "<group>"; };
		FA5135172591CED300B6D611 /* VVCategoryDecorationView.m */ = {isa = PBXFileReference; fileEncoding = 4; lastKnownFileType = sourcecode.c.objc; path = VVCategoryDecorationView.m; sourceTree = "<group>"; };
		FA5135182591CED300B6D611 /* VVCategoryBannerDecorationView.m */ = {isa = PBXFileReference; fileEncoding = 4; lastKnownFileType = sourcecode.c.objc; path = VVCategoryBannerDecorationView.m; sourceTree = "<group>"; };
		FA5135192591CED400B6D611 /* VVCategoryDecorationView.h */ = {isa = PBXFileReference; fileEncoding = 4; lastKnownFileType = sourcecode.c.h; path = VVCategoryDecorationView.h; sourceTree = "<group>"; };
		FA5136392595952500B6D611 /* CollectionViewAutoLayoutController.h */ = {isa = PBXFileReference; lastKnownFileType = sourcecode.c.h; path = CollectionViewAutoLayoutController.h; sourceTree = "<group>"; };
		FA51363A2595952500B6D611 /* CollectionViewAutoLayoutController.m */ = {isa = PBXFileReference; lastKnownFileType = sourcecode.c.objc; path = CollectionViewAutoLayoutController.m; sourceTree = "<group>"; };
		FA51363F259595B800B6D611 /* SIZECollectionViewCell.h */ = {isa = PBXFileReference; lastKnownFileType = sourcecode.c.h; path = SIZECollectionViewCell.h; sourceTree = "<group>"; };
		FA513640259595B800B6D611 /* SIZECollectionViewCell.m */ = {isa = PBXFileReference; lastKnownFileType = sourcecode.c.objc; path = SIZECollectionViewCell.m; sourceTree = "<group>"; };
		FA546F9924C3E45A005D9E07 /* NSTimer+_9.h */ = {isa = PBXFileReference; lastKnownFileType = sourcecode.c.h; path = "NSTimer+_9.h"; sourceTree = "<group>"; };
		FA546F9A24C3E45A005D9E07 /* NSTimer+_9.m */ = {isa = PBXFileReference; lastKnownFileType = sourcecode.c.objc; path = "NSTimer+_9.m"; sourceTree = "<group>"; };
		FA5745AD2429FAE800D36D28 /* SCSpec.m */ = {isa = PBXFileReference; lastKnownFileType = sourcecode.c.objc; path = SCSpec.m; sourceTree = "<group>"; };
		FA58437325B6C21E009C366A /* VVUIMacros.h */ = {isa = PBXFileReference; lastKnownFileType = sourcecode.c.h; path = VVUIMacros.h; sourceTree = "<group>"; };
		FA5A65C2251DD5F000A183E2 /* ViewController5.h */ = {isa = PBXFileReference; lastKnownFileType = sourcecode.c.h; path = ViewController5.h; sourceTree = "<group>"; };
		FA5A65C3251DD5F000A183E2 /* ViewController5.m */ = {isa = PBXFileReference; lastKnownFileType = sourcecode.c.objc; path = ViewController5.m; sourceTree = "<group>"; };
		FA5BD7682432DBAA003669B1 /* XCTest.framework */ = {isa = PBXFileReference; lastKnownFileType = wrapper.framework; name = XCTest.framework; path = Platforms/iPhoneOS.platform/Developer/Library/Frameworks/XCTest.framework; sourceTree = DEVELOPER_DIR; };
		FA64B04E25B6D4FE00E048AD /* VVKVOObserver.h */ = {isa = PBXFileReference; fileEncoding = 4; lastKnownFileType = sourcecode.c.h; path = VVKVOObserver.h; sourceTree = "<group>"; };
		FA64B04F25B6D4FE00E048AD /* VVKVOItem.m */ = {isa = PBXFileReference; fileEncoding = 4; lastKnownFileType = sourcecode.c.objc; path = VVKVOItem.m; sourceTree = "<group>"; };
		FA64B05025B6D4FE00E048AD /* NSMutableArray+VVKVOHelper.m */ = {isa = PBXFileReference; fileEncoding = 4; lastKnownFileType = sourcecode.c.objc; path = "NSMutableArray+VVKVOHelper.m"; sourceTree = "<group>"; };
		FA64B05125B6D4FE00E048AD /* NSObject+VVKVOHelper.m */ = {isa = PBXFileReference; fileEncoding = 4; lastKnownFileType = sourcecode.c.objc; path = "NSObject+VVKVOHelper.m"; sourceTree = "<group>"; };
		FA64B05225B6D4FE00E048AD /* VVKVOItemManager.m */ = {isa = PBXFileReference; fileEncoding = 4; lastKnownFileType = sourcecode.c.objc; path = VVKVOItemManager.m; sourceTree = "<group>"; };
		FA64B05325B6D4FE00E048AD /* VVKVOItem.h */ = {isa = PBXFileReference; fileEncoding = 4; lastKnownFileType = sourcecode.c.h; path = VVKVOItem.h; sourceTree = "<group>"; };
		FA64B05425B6D4FE00E048AD /* VVKVOObserver.m */ = {isa = PBXFileReference; fileEncoding = 4; lastKnownFileType = sourcecode.c.objc; path = VVKVOObserver.m; sourceTree = "<group>"; };
		FA64B05525B6D4FE00E048AD /* NSObject+VVKVOHelper.h */ = {isa = PBXFileReference; fileEncoding = 4; lastKnownFileType = sourcecode.c.h; path = "NSObject+VVKVOHelper.h"; sourceTree = "<group>"; };
		FA64B05625B6D4FE00E048AD /* NSMutableArray+VVKVOHelper.h */ = {isa = PBXFileReference; fileEncoding = 4; lastKnownFileType = sourcecode.c.h; path = "NSMutableArray+VVKVOHelper.h"; sourceTree = "<group>"; };
		FA64B05725B6D4FE00E048AD /* VVKVOHelper.h */ = {isa = PBXFileReference; fileEncoding = 4; lastKnownFileType = sourcecode.c.h; path = VVKVOHelper.h; sourceTree = "<group>"; };
		FA64B05825B6D4FE00E048AD /* VVKVOItemManager.h */ = {isa = PBXFileReference; fileEncoding = 4; lastKnownFileType = sourcecode.c.h; path = VVKVOItemManager.h; sourceTree = "<group>"; };
		FA64B06125B6D5AF00E048AD /* NSObject+Swizzle.h */ = {isa = PBXFileReference; fileEncoding = 4; lastKnownFileType = sourcecode.c.h; path = "NSObject+Swizzle.h"; sourceTree = "<group>"; };
		FA64B06225B6D5B200E048AD /* NSObject+Swizzle.m */ = {isa = PBXFileReference; fileEncoding = 4; lastKnownFileType = sourcecode.c.objc; path = "NSObject+Swizzle.m"; sourceTree = "<group>"; };
		FA64B06F25B80FB600E048AD /* HeaderExpandViewControllerTableView.m */ = {isa = PBXFileReference; fileEncoding = 4; lastKnownFileType = sourcecode.c.objc; path = HeaderExpandViewControllerTableView.m; sourceTree = "<group>"; };
		FA64B07025B80FB600E048AD /* HeaderExpandViewControllerTableView.h */ = {isa = PBXFileReference; fileEncoding = 4; lastKnownFileType = sourcecode.c.h; path = HeaderExpandViewControllerTableView.h; sourceTree = "<group>"; };
		FA64B07B25B82F0D00E048AD /* HeaderExpandViewControllerSrollview.m */ = {isa = PBXFileReference; fileEncoding = 4; lastKnownFileType = sourcecode.c.objc; path = HeaderExpandViewControllerSrollview.m; sourceTree = "<group>"; };
		FA64B07C25B82F0E00E048AD /* HeaderExpandViewControllerSrollview.h */ = {isa = PBXFileReference; fileEncoding = 4; lastKnownFileType = sourcecode.c.h; path = HeaderExpandViewControllerSrollview.h; sourceTree = "<group>"; };
		FA6748CB2358A4A0003A268A /* TEXT.app */ = {isa = PBXFileReference; explicitFileType = wrapper.application; includeInIndex = 0; path = TEXT.app; sourceTree = BUILT_PRODUCTS_DIR; };
		FA6748CE2358A4A0003A268A /* AppDelegate.h */ = {isa = PBXFileReference; lastKnownFileType = sourcecode.c.h; path = AppDelegate.h; sourceTree = "<group>"; };
		FA6748CF2358A4A0003A268A /* AppDelegate.m */ = {isa = PBXFileReference; lastKnownFileType = sourcecode.c.objc; path = AppDelegate.m; sourceTree = "<group>"; };
		FA6748D12358A4A1003A268A /* ViewController2.h */ = {isa = PBXFileReference; lastKnownFileType = sourcecode.c.h; path = ViewController2.h; sourceTree = "<group>"; };
		FA6748D22358A4A1003A268A /* ViewController2.m */ = {isa = PBXFileReference; lastKnownFileType = sourcecode.c.objc; path = ViewController2.m; sourceTree = "<group>"; };
		FA6748D52358A4A1003A268A /* Base */ = {isa = PBXFileReference; lastKnownFileType = file.storyboard; name = Base; path = Base.lproj/Main.storyboard; sourceTree = "<group>"; };
		FA6748D72358A4A4003A268A /* Assets.xcassets */ = {isa = PBXFileReference; lastKnownFileType = folder.assetcatalog; path = Assets.xcassets; sourceTree = "<group>"; };
		FA6748DA2358A4A4003A268A /* Base */ = {isa = PBXFileReference; lastKnownFileType = file.storyboard; name = Base; path = Base.lproj/LaunchScreen.storyboard; sourceTree = "<group>"; };
		FA6748DC2358A4A4003A268A /* Info.plist */ = {isa = PBXFileReference; lastKnownFileType = text.plist.xml; path = Info.plist; sourceTree = "<group>"; };
		FA6748DD2358A4A4003A268A /* main.m */ = {isa = PBXFileReference; lastKnownFileType = sourcecode.c.objc; path = main.m; sourceTree = "<group>"; };
		FA6748E32358A4A4003A268A /* TEXTTests.xctest */ = {isa = PBXFileReference; explicitFileType = wrapper.cfbundle; includeInIndex = 0; path = TEXTTests.xctest; sourceTree = BUILT_PRODUCTS_DIR; };
		FA6748E72358A4A4003A268A /* TEXTTests.m */ = {isa = PBXFileReference; lastKnownFileType = sourcecode.c.objc; path = TEXTTests.m; sourceTree = "<group>"; };
		FA6748E92358A4A4003A268A /* Info.plist */ = {isa = PBXFileReference; lastKnownFileType = text.plist.xml; path = Info.plist; sourceTree = "<group>"; };
		FA6748EE2358A4A4003A268A /* TEXTUITests.xctest */ = {isa = PBXFileReference; explicitFileType = wrapper.cfbundle; includeInIndex = 0; path = TEXTUITests.xctest; sourceTree = BUILT_PRODUCTS_DIR; };
		FA6748F22358A4A4003A268A /* TEXTUITests.m */ = {isa = PBXFileReference; lastKnownFileType = sourcecode.c.objc; path = TEXTUITests.m; sourceTree = "<group>"; };
		FA6748F42358A4A4003A268A /* Info.plist */ = {isa = PBXFileReference; lastKnownFileType = text.plist.xml; path = Info.plist; sourceTree = "<group>"; };
		FA6B42DC24CABC3D00D291AD /* ViewController6.h */ = {isa = PBXFileReference; lastKnownFileType = sourcecode.c.h; path = ViewController6.h; sourceTree = "<group>"; };
		FA6B42DD24CABC3D00D291AD /* ViewController6.m */ = {isa = PBXFileReference; lastKnownFileType = sourcecode.c.objc; path = ViewController6.m; sourceTree = "<group>"; };
		FA6E7BF424FE355B00B05096 /* VVCell.h */ = {isa = PBXFileReference; lastKnownFileType = sourcecode.c.h; path = VVCell.h; sourceTree = "<group>"; };
		FA6E7BF524FE355B00B05096 /* VVCell.m */ = {isa = PBXFileReference; lastKnownFileType = sourcecode.c.objc; path = VVCell.m; sourceTree = "<group>"; };
		FA9965DB258B054F004FCF10 /* ViewControllerEnumObject.h */ = {isa = PBXFileReference; lastKnownFileType = sourcecode.c.h; path = ViewControllerEnumObject.h; sourceTree = "<group>"; };
		FA9965DC258B054F004FCF10 /* ViewControllerEnumObject.m */ = {isa = PBXFileReference; lastKnownFileType = sourcecode.c.objc; path = ViewControllerEnumObject.m; sourceTree = "<group>"; };
		FA9965E5258C7B7A004FCF10 /* ViewControllerNotification.h */ = {isa = PBXFileReference; lastKnownFileType = sourcecode.c.h; path = ViewControllerNotification.h; sourceTree = "<group>"; };
		FA9965E6258C7B7A004FCF10 /* ViewControllerNotification.m */ = {isa = PBXFileReference; lastKnownFileType = sourcecode.c.objc; path = ViewControllerNotification.m; sourceTree = "<group>"; };
		FA9965EC258C8861004FCF10 /* SPPageMenu.m */ = {isa = PBXFileReference; fileEncoding = 4; lastKnownFileType = sourcecode.c.objc; path = SPPageMenu.m; sourceTree = "<group>"; };
		FA9965F1258C886A004FCF10 /* SPPageMenu.h */ = {isa = PBXFileReference; lastKnownFileType = sourcecode.c.h; path = SPPageMenu.h; sourceTree = "<group>"; };
		FA9965F2258C8891004FCF10 /* ViewControllerSegment.h */ = {isa = PBXFileReference; lastKnownFileType = sourcecode.c.h; path = ViewControllerSegment.h; sourceTree = "<group>"; };
		FA9965F3258C8891004FCF10 /* ViewControllerSegment.m */ = {isa = PBXFileReference; lastKnownFileType = sourcecode.c.objc; path = ViewControllerSegment.m; sourceTree = "<group>"; };
		FA9ED33123C03C1800591A54 /* product_detail_spike_bubble@2x.png */ = {isa = PBXFileReference; lastKnownFileType = image.png; path = "product_detail_spike_bubble@2x.png"; sourceTree = "<group>"; };
		FA9ED33223C03C1800591A54 /* product_detail_spike_bubble@3x.png */ = {isa = PBXFileReference; lastKnownFileType = image.png; path = "product_detail_spike_bubble@3x.png"; sourceTree = "<group>"; };
		FAB21685256FB1C700AD338F /* ViewController7.h */ = {isa = PBXFileReference; lastKnownFileType = sourcecode.c.h; path = ViewController7.h; sourceTree = "<group>"; };
		FAB21686256FB1C700AD338F /* ViewController7.m */ = {isa = PBXFileReference; lastKnownFileType = sourcecode.c.objc; path = ViewController7.m; sourceTree = "<group>"; };
		FAB2168B256FB1FB00AD338F /* 1.png */ = {isa = PBXFileReference; lastKnownFileType = image.png; path = 1.png; sourceTree = "<group>"; };
		FAB2168C256FB1FB00AD338F /* product_detail_skeleton_screen.png */ = {isa = PBXFileReference; lastKnownFileType = image.png; path = product_detail_skeleton_screen.png; sourceTree = "<group>"; };
		FAB4D21723C6FF5D00EAC732 /* ScrolllView.h */ = {isa = PBXFileReference; lastKnownFileType = sourcecode.c.h; path = ScrolllView.h; sourceTree = "<group>"; };
		FAB4D21823C6FF5D00EAC732 /* ScrolllView.m */ = {isa = PBXFileReference; lastKnownFileType = sourcecode.c.objc; path = ScrolllView.m; sourceTree = "<group>"; };
		FAB75ADE24839B4A00FA76E2 /* Header.js */ = {isa = PBXFileReference; lastKnownFileType = sourcecode.javascript; path = Header.js; sourceTree = "<group>"; };
		FAB75ADF24839CD200FA76E2 /* newuser.js */ = {isa = PBXFileReference; fileEncoding = 4; lastKnownFileType = sourcecode.javascript; path = newuser.js; sourceTree = "<group>"; };
/* End PBXFileReference section */

/* Begin PBXFrameworksBuildPhase section */
		FA6748C82358A4A0003A268A /* Frameworks */ = {
			isa = PBXFrameworksBuildPhase;
			buildActionMask = 2147483647;
			files = (
				FA5BD7692432DBAA003669B1 /* XCTest.framework in Frameworks */,
				FA7C0710536655E916DAC280 /* libPods-TEXT.a in Frameworks */,
			);
			runOnlyForDeploymentPostprocessing = 0;
		};
		FA6748E02358A4A4003A268A /* Frameworks */ = {
			isa = PBXFrameworksBuildPhase;
			buildActionMask = 2147483647;
			files = (
			);
			runOnlyForDeploymentPostprocessing = 0;
		};
		FA6748EB2358A4A4003A268A /* Frameworks */ = {
			isa = PBXFrameworksBuildPhase;
			buildActionMask = 2147483647;
			files = (
			);
			runOnlyForDeploymentPostprocessing = 0;
		};
/* End PBXFrameworksBuildPhase section */

/* Begin PBXGroup section */
		1049408FC4205C3E6BF18862 /* Pods */ = {
			isa = PBXGroup;
			children = (
				046BE94170FA33979A4AA72B /* Pods-TEXT.debug.xcconfig */,
				2A4C0AB2B40F00DA5DB886D7 /* Pods-TEXT.release.xcconfig */,
			);
			path = Pods;
			sourceTree = "<group>";
		};
		A0F0721CCFF5B5D7530B804C /* Frameworks */ = {
			isa = PBXGroup;
			children = (
				FA5BD7682432DBAA003669B1 /* XCTest.framework */,
				EC04E0C96FC3FFD9C8BE3A0D /* libPods-TEXT.a */,
			);
			name = Frameworks;
			sourceTree = "<group>";
		};
		FA0A8CD5259737DD00226E0E /* LayoutSubview */ = {
			isa = PBXGroup;
			children = (
				FA0A8CD6259737F800226E0E /* ViewControllerLayoutSubViews.h */,
				FA0A8CD7259737F800226E0E /* ViewControllerLayoutSubViews.m */,
				FA0A8CDC259738FC00226E0E /* KKScrollView.h */,
				FA0A8CDD259738FC00226E0E /* KKScrollView.m */,
			);
			path = LayoutSubview;
			sourceTree = "<group>";
		};
		FA3DB14F258DF4A900994962 /* ModelSave */ = {
			isa = PBXGroup;
			children = (
				FA3DB150258DF4E200994962 /* PersonModel.h */,
				FA3DB151258DF4E200994962 /* PersonModel.m */,
				FA3DB159258DF55900994962 /* ViewControllerUserSaveModel.h */,
				FA3DB15A258DF55900994962 /* ViewControllerUserSaveModel.m */,
			);
			path = ModelSave;
			sourceTree = "<group>";
		};
		FA4ECC9325B6BC780015E5A8 /* Expand */ = {
			isa = PBXGroup;
			children = (
				FA64B04D25B6D4FE00E048AD /* KVO */,
				FA58437325B6C21E009C366A /* VVUIMacros.h */,
				FA4ECC9425B6BC8F0015E5A8 /* VVScrollHelper.h */,
				FA4ECC9525B6BC8F0015E5A8 /* VVScrollHelper.m */,
				FA4ECCA025B6BD6F0015E5A8 /* me_background_expanding@2x.png */,
				FA4ECCA125B6BD700015E5A8 /* me_background_expanding@3x.png */,
				FA4ECCA725B6BE430015E5A8 /* VVCustomCollectionViewLayout.h */,
				FA4ECCA825B6BE470015E5A8 /* VVCustomCollectionViewLayout.m */,
				FA4ECCAD25B6BF820015E5A8 /* NSArray+DataProtect.h */,
				FA4ECCAE25B6BF830015E5A8 /* NSArray+DataProtect.m */,
				FA64B07025B80FB600E048AD /* HeaderExpandViewControllerTableView.h */,
				FA64B06F25B80FB600E048AD /* HeaderExpandViewControllerTableView.m */,
				FA64B07C25B82F0E00E048AD /* HeaderExpandViewControllerSrollview.h */,
				FA64B07B25B82F0D00E048AD /* HeaderExpandViewControllerSrollview.m */,
				FA4ECC9A25B6BCB10015E5A8 /* HeaderExpandViewController.h */,
				FA4ECC9B25B6BCB10015E5A8 /* HeaderExpandViewController.m */,
			);
			path = Expand;
			sourceTree = "<group>";
		};
		FA5134FA2591CC1200B6D611 /* DecorationView */ = {
			isa = PBXGroup;
			children = (
				FA5135162591CED300B6D611 /* VVCategoryBannerDecorationView.h */,
				FA5135182591CED300B6D611 /* VVCategoryBannerDecorationView.m */,
				FA5135192591CED400B6D611 /* VVCategoryDecorationView.h */,
				FA5135172591CED300B6D611 /* VVCategoryDecorationView.m */,
				FA51350A2591CE8000B6D611 /* VVCollectionDecorationLayout.h */,
				FA5135102591CEB600B6D611 /* VVBaseCollectionDecorationView.h */,
				FA5135112591CEB600B6D611 /* VVBaseCollectionDecorationView.m */,
				FA51350B2591CE8000B6D611 /* VVCollectionDecorationLayout.m */,
				FA5134FB2591CC2F00B6D611 /* ViewControllerDecorationView.h */,
				FA5134FC2591CC2F00B6D611 /* ViewControllerDecorationView.m */,
			);
			path = DecorationView;
			sourceTree = "<group>";
		};
		FA51362F259594ED00B6D611 /* CollectionViewAutoLayout */ = {
			isa = PBXGroup;
			children = (
				FA5136392595952500B6D611 /* CollectionViewAutoLayoutController.h */,
				FA51363A2595952500B6D611 /* CollectionViewAutoLayoutController.m */,
				FA51363F259595B800B6D611 /* SIZECollectionViewCell.h */,
				FA513640259595B800B6D611 /* SIZECollectionViewCell.m */,
			);
			path = CollectionViewAutoLayout;
			sourceTree = "<group>";
		};
		FA58437725B6CD59009C366A /* List */ = {
			isa = PBXGroup;
			children = (
				FA5135042591CC8000B6D611 /* TableViewController.h */,
				FA5135052591CC8000B6D611 /* TableViewController.m */,
				FA6748D12358A4A1003A268A /* ViewController2.h */,
				FA6748D22358A4A1003A268A /* ViewController2.m */,
				FA4FC2F02435B2970023B10C /* ViewController.h */,
				FA4FC2F12435B2970023B10C /* ViewController.m */,
				FA546F9924C3E45A005D9E07 /* NSTimer+_9.h */,
				FA546F9A24C3E45A005D9E07 /* NSTimer+_9.m */,
				FA1CC6682479133400906BFA /* ViewController3.h */,
				FA1CC6692479133400906BFA /* ViewController3.m */,
				FA1932B824C45F62000A8B8A /* ViewController4.h */,
				FA6B42DC24CABC3D00D291AD /* ViewController6.h */,
				FA6B42DD24CABC3D00D291AD /* ViewController6.m */,
				FA1932B924C45F62000A8B8A /* ViewController4.m */,
				FA5A65C2251DD5F000A183E2 /* ViewController5.h */,
				FA5A65C3251DD5F000A183E2 /* ViewController5.m */,
				FAB21685256FB1C700AD338F /* ViewController7.h */,
				FAB21686256FB1C700AD338F /* ViewController7.m */,
				FA0E30DE257F9C1200BB9501 /* ViewControllerSpec.m */,
				FA33AF0C2577B6670004B876 /* ViewController8.h */,
				FA33AF0D2577B6670004B876 /* ViewController8.m */,
				FA9965DB258B054F004FCF10 /* ViewControllerEnumObject.h */,
				FA9965DC258B054F004FCF10 /* ViewControllerEnumObject.m */,
				FA9965E5258C7B7A004FCF10 /* ViewControllerNotification.h */,
				FA9965E6258C7B7A004FCF10 /* ViewControllerNotification.m */,
				FA6E7BF424FE355B00B05096 /* VVCell.h */,
				FA6E7BF524FE355B00B05096 /* VVCell.m */,
				FAB4D21723C6FF5D00EAC732 /* ScrolllView.h */,
				FAB4D21823C6FF5D00EAC732 /* ScrolllView.m */,
			);
			path = List;
			sourceTree = "<group>";
		};
		FA64B04D25B6D4FE00E048AD /* KVO */ = {
			isa = PBXGroup;
			children = (
				FA64B06125B6D5AF00E048AD /* NSObject+Swizzle.h */,
				FA64B06225B6D5B200E048AD /* NSObject+Swizzle.m */,
				FA64B04E25B6D4FE00E048AD /* VVKVOObserver.h */,
				FA64B04F25B6D4FE00E048AD /* VVKVOItem.m */,
				FA64B05025B6D4FE00E048AD /* NSMutableArray+VVKVOHelper.m */,
				FA64B05125B6D4FE00E048AD /* NSObject+VVKVOHelper.m */,
				FA64B05225B6D4FE00E048AD /* VVKVOItemManager.m */,
				FA64B05325B6D4FE00E048AD /* VVKVOItem.h */,
				FA64B05425B6D4FE00E048AD /* VVKVOObserver.m */,
				FA64B05525B6D4FE00E048AD /* NSObject+VVKVOHelper.h */,
				FA64B05625B6D4FE00E048AD /* NSMutableArray+VVKVOHelper.h */,
				FA64B05725B6D4FE00E048AD /* VVKVOHelper.h */,
				FA64B05825B6D4FE00E048AD /* VVKVOItemManager.h */,
			);
			path = KVO;
			sourceTree = "<group>";
		};
		FA6748C22358A4A0003A268A = {
			isa = PBXGroup;
			children = (
				FA2B434625B3F09300F72D47 /* Localizable.strings */,
				FA2B434F25B3F47B00F72D47 /* language.plist */,
				FA6748CD2358A4A0003A268A /* TEXT */,
				FA6748E62358A4A4003A268A /* TEXTTests */,
				FA6748F12358A4A4003A268A /* TEXTUITests */,
				FA6748CC2358A4A0003A268A /* Products */,
				1049408FC4205C3E6BF18862 /* Pods */,
				A0F0721CCFF5B5D7530B804C /* Frameworks */,
			);
			sourceTree = "<group>";
		};
		FA6748CC2358A4A0003A268A /* Products */ = {
			isa = PBXGroup;
			children = (
				FA6748CB2358A4A0003A268A /* TEXT.app */,
				FA6748E32358A4A4003A268A /* TEXTTests.xctest */,
				FA6748EE2358A4A4003A268A /* TEXTUITests.xctest */,
			);
			name = Products;
			sourceTree = "<group>";
		};
		FA6748CD2358A4A0003A268A /* TEXT */ = {
			isa = PBXGroup;
			children = (
				FA58437725B6CD59009C366A /* List */,
				FA4ECC9325B6BC780015E5A8 /* Expand */,
				FA0A8CD5259737DD00226E0E /* LayoutSubview */,
				FA51362F259594ED00B6D611 /* CollectionViewAutoLayout */,
				FA5134FA2591CC1200B6D611 /* DecorationView */,
				FA3DB14F258DF4A900994962 /* ModelSave */,
				FA9965EB258C883F004FCF10 /* Segment */,
				FA6748CE2358A4A0003A268A /* AppDelegate.h */,
				FA6748CF2358A4A0003A268A /* AppDelegate.m */,
				FAB2168B256FB1FB00AD338F /* 1.png */,
				FAB2168C256FB1FB00AD338F /* product_detail_skeleton_screen.png */,
				FA33AF2A2578B6280004B876 /* 画板@1x.jpg */,
				FAB75ADF24839CD200FA76E2 /* newuser.js */,
				FAB75ADE24839B4A00FA76E2 /* Header.js */,
				FA5745AD2429FAE800D36D28 /* SCSpec.m */,
				FA33AF232578B3090004B876 /* 画板@2x.jpg */,
				FA33AF242578B3090004B876 /* 画板@3x.jpg */,
				FA33AF1C257898D30004B876 /* product_detail_skeleton_screen_dark@3x.jpg */,
				FA33AF1D257898D30004B876 /* product_detail_skeleton@3x.jpg */,
				FA9ED33123C03C1800591A54 /* product_detail_spike_bubble@2x.png */,
				FA9ED33223C03C1800591A54 /* product_detail_spike_bubble@3x.png */,
				FA6748D42358A4A1003A268A /* Main.storyboard */,
				FA6748D72358A4A4003A268A /* Assets.xcassets */,
				FA6748D92358A4A4003A268A /* LaunchScreen.storyboard */,
				FA6748DC2358A4A4003A268A /* Info.plist */,
				FA6748DD2358A4A4003A268A /* main.m */,
			);
			path = TEXT;
			sourceTree = "<group>";
		};
		FA6748E62358A4A4003A268A /* TEXTTests */ = {
			isa = PBXGroup;
			children = (
				FA6748E72358A4A4003A268A /* TEXTTests.m */,
				FA6748E92358A4A4003A268A /* Info.plist */,
			);
			path = TEXTTests;
			sourceTree = "<group>";
		};
		FA6748F12358A4A4003A268A /* TEXTUITests */ = {
			isa = PBXGroup;
			children = (
				FA6748F22358A4A4003A268A /* TEXTUITests.m */,
				FA6748F42358A4A4003A268A /* Info.plist */,
			);
			path = TEXTUITests;
			sourceTree = "<group>";
		};
		FA9965EB258C883F004FCF10 /* Segment */ = {
			isa = PBXGroup;
			children = (
				FA9965F1258C886A004FCF10 /* SPPageMenu.h */,
				FA9965EC258C8861004FCF10 /* SPPageMenu.m */,
				FA9965F2258C8891004FCF10 /* ViewControllerSegment.h */,
				FA9965F3258C8891004FCF10 /* ViewControllerSegment.m */,
			);
			path = Segment;
			sourceTree = "<group>";
		};
/* End PBXGroup section */

/* Begin PBXNativeTarget section */
		FA6748CA2358A4A0003A268A /* TEXT */ = {
			isa = PBXNativeTarget;
			buildConfigurationList = FA6748F72358A4A4003A268A /* Build configuration list for PBXNativeTarget "TEXT" */;
			buildPhases = (
				DA3C918BC240C2067A7947EB /* [CP] Check Pods Manifest.lock */,
				FA6748C72358A4A0003A268A /* Sources */,
				FA6748C82358A4A0003A268A /* Frameworks */,
				FA6748C92358A4A0003A268A /* Resources */,
				3A1A08EADF9E1BB92A7423C3 /* [CP] Copy Pods Resources */,
			);
			buildRules = (
			);
			dependencies = (
			);
			name = TEXT;
			productName = TEXT;
			productReference = FA6748CB2358A4A0003A268A /* TEXT.app */;
			productType = "com.apple.product-type.application";
		};
		FA6748E22358A4A4003A268A /* TEXTTests */ = {
			isa = PBXNativeTarget;
			buildConfigurationList = FA6748FA2358A4A4003A268A /* Build configuration list for PBXNativeTarget "TEXTTests" */;
			buildPhases = (
				FA6748DF2358A4A4003A268A /* Sources */,
				FA6748E02358A4A4003A268A /* Frameworks */,
				FA6748E12358A4A4003A268A /* Resources */,
			);
			buildRules = (
			);
			dependencies = (
				FA6748E52358A4A4003A268A /* PBXTargetDependency */,
			);
			name = TEXTTests;
			productName = TEXTTests;
			productReference = FA6748E32358A4A4003A268A /* TEXTTests.xctest */;
			productType = "com.apple.product-type.bundle.unit-test";
		};
		FA6748ED2358A4A4003A268A /* TEXTUITests */ = {
			isa = PBXNativeTarget;
			buildConfigurationList = FA6748FD2358A4A4003A268A /* Build configuration list for PBXNativeTarget "TEXTUITests" */;
			buildPhases = (
				FA6748EA2358A4A4003A268A /* Sources */,
				FA6748EB2358A4A4003A268A /* Frameworks */,
				FA6748EC2358A4A4003A268A /* Resources */,
			);
			buildRules = (
			);
			dependencies = (
				FA6748F02358A4A4003A268A /* PBXTargetDependency */,
			);
			name = TEXTUITests;
			productName = TEXTUITests;
			productReference = FA6748EE2358A4A4003A268A /* TEXTUITests.xctest */;
			productType = "com.apple.product-type.bundle.ui-testing";
		};
/* End PBXNativeTarget section */

/* Begin PBXProject section */
		FA6748C32358A4A0003A268A /* Project object */ = {
			isa = PBXProject;
			attributes = {
				LastUpgradeCheck = 1020;
				ORGANIZATIONNAME = "刘博";
				TargetAttributes = {
					FA6748CA2358A4A0003A268A = {
						CreatedOnToolsVersion = 10.2.1;
					};
					FA6748E22358A4A4003A268A = {
						CreatedOnToolsVersion = 10.2.1;
						TestTargetID = FA6748CA2358A4A0003A268A;
					};
					FA6748ED2358A4A4003A268A = {
						CreatedOnToolsVersion = 10.2.1;
						TestTargetID = FA6748CA2358A4A0003A268A;
					};
				};
			};
			buildConfigurationList = FA6748C62358A4A0003A268A /* Build configuration list for PBXProject "TEXT" */;
			compatibilityVersion = "Xcode 9.3";
			developmentRegion = en;
			hasScannedForEncodings = 0;
			knownRegions = (
				en,
				Base,
				"zh-Hant",
				ja,
				vi,
				hr,
			);
			mainGroup = FA6748C22358A4A0003A268A;
			productRefGroup = FA6748CC2358A4A0003A268A /* Products */;
			projectDirPath = "";
			projectRoot = "";
			targets = (
				FA6748CA2358A4A0003A268A /* TEXT */,
				FA6748E22358A4A4003A268A /* TEXTTests */,
				FA6748ED2358A4A4003A268A /* TEXTUITests */,
			);
		};
/* End PBXProject section */

/* Begin PBXResourcesBuildPhase section */
		FA6748C92358A4A0003A268A /* Resources */ = {
			isa = PBXResourcesBuildPhase;
			buildActionMask = 2147483647;
			files = (
				FA9ED33323C03C1800591A54 /* product_detail_spike_bubble@2x.png in Resources */,
				FA2B435025B3F47B00F72D47 /* language.plist in Resources */,
				FA9ED33423C03C1800591A54 /* product_detail_spike_bubble@3x.png in Resources */,
				FA33AF252578B30A0004B876 /* 画板@2x.jpg in Resources */,
				FA2B434425B3F09300F72D47 /* Localizable.strings in Resources */,
				FA6748DB2358A4A4003A268A /* LaunchScreen.storyboard in Resources */,
				FA33AF1F257898D30004B876 /* product_detail_skeleton@3x.jpg in Resources */,
				FA33AF262578B30A0004B876 /* 画板@3x.jpg in Resources */,
				FA33AF2B2578B6280004B876 /* 画板@1x.jpg in Resources */,
				FA4ECCA225B6BD710015E5A8 /* me_background_expanding@2x.png in Resources */,
				FA4ECCA325B6BD710015E5A8 /* me_background_expanding@3x.png in Resources */,
				FA6748D82358A4A4003A268A /* Assets.xcassets in Resources */,
				FAB75AE024839CD200FA76E2 /* newuser.js in Resources */,
				FA33AF1E257898D30004B876 /* product_detail_skeleton_screen_dark@3x.jpg in Resources */,
				FA6748D62358A4A1003A268A /* Main.storyboard in Resources */,
				FAB2168D256FB1FB00AD338F /* 1.png in Resources */,
				FAB2168E256FB1FB00AD338F /* product_detail_skeleton_screen.png in Resources */,
			);
			runOnlyForDeploymentPostprocessing = 0;
		};
		FA6748E12358A4A4003A268A /* Resources */ = {
			isa = PBXResourcesBuildPhase;
			buildActionMask = 2147483647;
			files = (
			);
			runOnlyForDeploymentPostprocessing = 0;
		};
		FA6748EC2358A4A4003A268A /* Resources */ = {
			isa = PBXResourcesBuildPhase;
			buildActionMask = 2147483647;
			files = (
			);
			runOnlyForDeploymentPostprocessing = 0;
		};
/* End PBXResourcesBuildPhase section */

/* Begin PBXShellScriptBuildPhase section */
		3A1A08EADF9E1BB92A7423C3 /* [CP] Copy Pods Resources */ = {
			isa = PBXShellScriptBuildPhase;
			buildActionMask = 2147483647;
			files = (
			);
			inputFileListPaths = (
				"${PODS_ROOT}/Target Support Files/Pods-TEXT/Pods-TEXT-resources-${CONFIGURATION}-input-files.xcfilelist",
			);
			name = "[CP] Copy Pods Resources";
			outputFileListPaths = (
				"${PODS_ROOT}/Target Support Files/Pods-TEXT/Pods-TEXT-resources-${CONFIGURATION}-output-files.xcfilelist",
			);
			runOnlyForDeploymentPostprocessing = 0;
			shellPath = /bin/sh;
			shellScript = "\"${PODS_ROOT}/Target Support Files/Pods-TEXT/Pods-TEXT-resources.sh\"\n";
			showEnvVarsInLog = 0;
		};
		DA3C918BC240C2067A7947EB /* [CP] Check Pods Manifest.lock */ = {
			isa = PBXShellScriptBuildPhase;
			buildActionMask = 2147483647;
			files = (
			);
			inputFileListPaths = (
			);
			inputPaths = (
				"${PODS_PODFILE_DIR_PATH}/Podfile.lock",
				"${PODS_ROOT}/Manifest.lock",
			);
			name = "[CP] Check Pods Manifest.lock";
			outputFileListPaths = (
			);
			outputPaths = (
				"$(DERIVED_FILE_DIR)/Pods-TEXT-checkManifestLockResult.txt",
			);
			runOnlyForDeploymentPostprocessing = 0;
			shellPath = /bin/sh;
			shellScript = "diff \"${PODS_PODFILE_DIR_PATH}/Podfile.lock\" \"${PODS_ROOT}/Manifest.lock\" > /dev/null\nif [ $? != 0 ] ; then\n    # print error to STDERR\n    echo \"error: The sandbox is not in sync with the Podfile.lock. Run 'pod install' or update your CocoaPods installation.\" >&2\n    exit 1\nfi\n# This output is used by Xcode 'outputs' to avoid re-running this script phase.\necho \"SUCCESS\" > \"${SCRIPT_OUTPUT_FILE_0}\"\n";
			showEnvVarsInLog = 0;
		};
/* End PBXShellScriptBuildPhase section */

/* Begin PBXSourcesBuildPhase section */
		FA6748C72358A4A0003A268A /* Sources */ = {
			isa = PBXSourcesBuildPhase;
			buildActionMask = 2147483647;
			files = (
				FA0A8CD8259737F800226E0E /* ViewControllerLayoutSubViews.m in Sources */,
				FA5135062591CC8000B6D611 /* TableViewController.m in Sources */,
				FA64B06325B6D5B200E048AD /* NSObject+Swizzle.m in Sources */,
				FA3DB152258DF4E200994962 /* PersonModel.m in Sources */,
				FA9965F4258C8891004FCF10 /* ViewControllerSegment.m in Sources */,
				FA9965ED258C8861004FCF10 /* SPPageMenu.m in Sources */,
				FA9965DD258B054F004FCF10 /* ViewControllerEnumObject.m in Sources */,
				FA64B05C25B6D4FF00E048AD /* VVKVOItemManager.m in Sources */,
				FA64B05D25B6D4FF00E048AD /* VVKVOObserver.m in Sources */,
				FA4FC2F22435B2970023B10C /* ViewController.m in Sources */,
				FA33AF0E2577B6670004B876 /* ViewController8.m in Sources */,
				FA6748D32358A4A1003A268A /* ViewController2.m in Sources */,
				FA64B05B25B6D4FF00E048AD /* NSObject+VVKVOHelper.m in Sources */,
				FA6748DE2358A4A4003A268A /* main.m in Sources */,
				FA4ECC9C25B6BCB10015E5A8 /* HeaderExpandViewController.m in Sources */,
				FAB4D21923C6FF5D00EAC732 /* ScrolllView.m in Sources */,
				FA9965E7258C7B7A004FCF10 /* ViewControllerNotification.m in Sources */,
				FA4ECCAF25B6BF840015E5A8 /* NSArray+DataProtect.m in Sources */,
				FA64B07125B80FB700E048AD /* HeaderExpandViewControllerTableView.m in Sources */,
				FA3DB15B258DF55900994962 /* ViewControllerUserSaveModel.m in Sources */,
				FA5134FD2591CC2F00B6D611 /* ViewControllerDecorationView.m in Sources */,
				FA51363B2595952500B6D611 /* CollectionViewAutoLayoutController.m in Sources */,
				FA64B05A25B6D4FF00E048AD /* NSMutableArray+VVKVOHelper.m in Sources */,
				FA64B05925B6D4FF00E048AD /* VVKVOItem.m in Sources */,
				FA4ECC9625B6BC8F0015E5A8 /* VVScrollHelper.m in Sources */,
				FAB21687256FB1C700AD338F /* ViewController7.m in Sources */,
				FA546F9B24C3E45A005D9E07 /* NSTimer+_9.m in Sources */,
				FA0A8CDE259738FC00226E0E /* KKScrollView.m in Sources */,
				FA51350C2591CE8000B6D611 /* VVCollectionDecorationLayout.m in Sources */,
				FA4ECCA925B6BE480015E5A8 /* VVCustomCollectionViewLayout.m in Sources */,
				FA6B42DE24CABC3D00D291AD /* ViewController6.m in Sources */,
				FA6748D02358A4A0003A268A /* AppDelegate.m in Sources */,
				FA5745AE2429FAE800D36D28 /* SCSpec.m in Sources */,
				FA5A65C4251DD5F000A183E2 /* ViewController5.m in Sources */,
				FA0E30DF257F9C1200BB9501 /* ViewControllerSpec.m in Sources */,
				FA1CC66A2479133400906BFA /* ViewController3.m in Sources */,
				FA6E7BF624FE355B00B05096 /* VVCell.m in Sources */,
				FA1932BA24C45F62000A8B8A /* ViewController4.m in Sources */,
				FA51351B2591CED400B6D611 /* VVCategoryBannerDecorationView.m in Sources */,
				FA64B07D25B82F0F00E048AD /* HeaderExpandViewControllerSrollview.m in Sources */,
				FA51351A2591CED400B6D611 /* VVCategoryDecorationView.m in Sources */,
				FA5135122591CEB600B6D611 /* VVBaseCollectionDecorationView.m in Sources */,
				FA513641259595B800B6D611 /* SIZECollectionViewCell.m in Sources */,
			);
			runOnlyForDeploymentPostprocessing = 0;
		};
		FA6748DF2358A4A4003A268A /* Sources */ = {
			isa = PBXSourcesBuildPhase;
			buildActionMask = 2147483647;
			files = (
				FA6748E82358A4A4003A268A /* TEXTTests.m in Sources */,
			);
			runOnlyForDeploymentPostprocessing = 0;
		};
		FA6748EA2358A4A4003A268A /* Sources */ = {
			isa = PBXSourcesBuildPhase;
			buildActionMask = 2147483647;
			files = (
				FA6748F32358A4A4003A268A /* TEXTUITests.m in Sources */,
			);
			runOnlyForDeploymentPostprocessing = 0;
		};
/* End PBXSourcesBuildPhase section */

/* Begin PBXTargetDependency section */
		FA6748E52358A4A4003A268A /* PBXTargetDependency */ = {
			isa = PBXTargetDependency;
			target = FA6748CA2358A4A0003A268A /* TEXT */;
			targetProxy = FA6748E42358A4A4003A268A /* PBXContainerItemProxy */;
		};
		FA6748F02358A4A4003A268A /* PBXTargetDependency */ = {
			isa = PBXTargetDependency;
			target = FA6748CA2358A4A0003A268A /* TEXT */;
			targetProxy = FA6748EF2358A4A4003A268A /* PBXContainerItemProxy */;
		};
/* End PBXTargetDependency section */

/* Begin PBXVariantGroup section */
		FA2B434625B3F09300F72D47 /* Localizable.strings */ = {
			isa = PBXVariantGroup;
			children = (
				FA2B434525B3F09300F72D47 /* en */,
				FA2B434725B3F09A00F72D47 /* zh-Hant */,
				FA2B434825B3F09D00F72D47 /* ja */,
				FA2B435825B3F9E500F72D47 /* vi */,
				FA2B436925B4025700F72D47 /* hr */,
			);
			name = Localizable.strings;
			sourceTree = "<group>";
		};
		FA6748D42358A4A1003A268A /* Main.storyboard */ = {
			isa = PBXVariantGroup;
			children = (
				FA6748D52358A4A1003A268A /* Base */,
				FA2B433525B3DA5600F72D47 /* zh-Hant */,
				FA2B433A25B3DE5100F72D47 /* ja */,
				FA2B435625B3F9D500F72D47 /* vi */,
				FA2B436725B4024C00F72D47 /* hr */,
			);
			name = Main.storyboard;
			sourceTree = "<group>";
		};
		FA6748D92358A4A4003A268A /* LaunchScreen.storyboard */ = {
			isa = PBXVariantGroup;
			children = (
				FA6748DA2358A4A4003A268A /* Base */,
				FA2B433625B3DA5800F72D47 /* zh-Hant */,
				FA2B433B25B3DE5200F72D47 /* ja */,
				FA2B435725B3F9D500F72D47 /* vi */,
				FA2B436825B4024D00F72D47 /* hr */,
			);
			name = LaunchScreen.storyboard;
			sourceTree = "<group>";
		};
/* End PBXVariantGroup section */

/* Begin XCBuildConfiguration section */
		FA6748F52358A4A4003A268A /* Debug */ = {
			isa = XCBuildConfiguration;
			buildSettings = {
				ALWAYS_SEARCH_USER_PATHS = NO;
				CLANG_ANALYZER_LOCALIZABILITY_NONLOCALIZED = YES;
				CLANG_ANALYZER_NONNULL = YES;
				CLANG_ANALYZER_NUMBER_OBJECT_CONVERSION = YES_AGGRESSIVE;
				CLANG_CXX_LANGUAGE_STANDARD = "gnu++14";
				CLANG_CXX_LIBRARY = "libc++";
				CLANG_ENABLE_MODULES = YES;
				CLANG_ENABLE_OBJC_ARC = YES;
				CLANG_ENABLE_OBJC_WEAK = YES;
				CLANG_WARN_BLOCK_CAPTURE_AUTORELEASING = YES;
				CLANG_WARN_BOOL_CONVERSION = YES;
				CLANG_WARN_COMMA = YES;
				CLANG_WARN_CONSTANT_CONVERSION = YES;
				CLANG_WARN_DEPRECATED_OBJC_IMPLEMENTATIONS = YES;
				CLANG_WARN_DIRECT_OBJC_ISA_USAGE = YES_ERROR;
				CLANG_WARN_DOCUMENTATION_COMMENTS = YES;
				CLANG_WARN_EMPTY_BODY = YES;
				CLANG_WARN_ENUM_CONVERSION = YES;
				CLANG_WARN_INFINITE_RECURSION = YES;
				CLANG_WARN_INT_CONVERSION = YES;
				CLANG_WARN_NON_LITERAL_NULL_CONVERSION = YES;
				CLANG_WARN_OBJC_IMPLICIT_RETAIN_SELF = YES;
				CLANG_WARN_OBJC_LITERAL_CONVERSION = YES;
				CLANG_WARN_OBJC_ROOT_CLASS = YES_ERROR;
				CLANG_WARN_RANGE_LOOP_ANALYSIS = YES;
				CLANG_WARN_STRICT_PROTOTYPES = YES;
				CLANG_WARN_SUSPICIOUS_MOVE = YES;
				CLANG_WARN_UNGUARDED_AVAILABILITY = YES_AGGRESSIVE;
				CLANG_WARN_UNREACHABLE_CODE = YES;
				CLANG_WARN__DUPLICATE_METHOD_MATCH = YES;
				CODE_SIGN_IDENTITY = "iPhone Developer";
				COPY_PHASE_STRIP = NO;
				DEBUG_INFORMATION_FORMAT = dwarf;
				ENABLE_STRICT_OBJC_MSGSEND = YES;
				ENABLE_TESTABILITY = YES;
				GCC_C_LANGUAGE_STANDARD = gnu11;
				GCC_DYNAMIC_NO_PIC = NO;
				GCC_NO_COMMON_BLOCKS = YES;
				GCC_OPTIMIZATION_LEVEL = 0;
				GCC_PREPROCESSOR_DEFINITIONS = (
					"DEBUG=1",
					"$(inherited)",
				);
				GCC_WARN_64_TO_32_BIT_CONVERSION = YES;
				GCC_WARN_ABOUT_RETURN_TYPE = YES_ERROR;
				GCC_WARN_UNDECLARED_SELECTOR = YES;
				GCC_WARN_UNINITIALIZED_AUTOS = YES_AGGRESSIVE;
				GCC_WARN_UNUSED_FUNCTION = YES;
				GCC_WARN_UNUSED_VARIABLE = YES;
				IPHONEOS_DEPLOYMENT_TARGET = 11.1;
				MTL_ENABLE_DEBUG_INFO = INCLUDE_SOURCE;
				MTL_FAST_MATH = YES;
				ONLY_ACTIVE_ARCH = YES;
				SDKROOT = iphoneos;
			};
			name = Debug;
		};
		FA6748F62358A4A4003A268A /* Release */ = {
			isa = XCBuildConfiguration;
			buildSettings = {
				ALWAYS_SEARCH_USER_PATHS = NO;
				CLANG_ANALYZER_LOCALIZABILITY_NONLOCALIZED = YES;
				CLANG_ANALYZER_NONNULL = YES;
				CLANG_ANALYZER_NUMBER_OBJECT_CONVERSION = YES_AGGRESSIVE;
				CLANG_CXX_LANGUAGE_STANDARD = "gnu++14";
				CLANG_CXX_LIBRARY = "libc++";
				CLANG_ENABLE_MODULES = YES;
				CLANG_ENABLE_OBJC_ARC = YES;
				CLANG_ENABLE_OBJC_WEAK = YES;
				CLANG_WARN_BLOCK_CAPTURE_AUTORELEASING = YES;
				CLANG_WARN_BOOL_CONVERSION = YES;
				CLANG_WARN_COMMA = YES;
				CLANG_WARN_CONSTANT_CONVERSION = YES;
				CLANG_WARN_DEPRECATED_OBJC_IMPLEMENTATIONS = YES;
				CLANG_WARN_DIRECT_OBJC_ISA_USAGE = YES_ERROR;
				CLANG_WARN_DOCUMENTATION_COMMENTS = YES;
				CLANG_WARN_EMPTY_BODY = YES;
				CLANG_WARN_ENUM_CONVERSION = YES;
				CLANG_WARN_INFINITE_RECURSION = YES;
				CLANG_WARN_INT_CONVERSION = YES;
				CLANG_WARN_NON_LITERAL_NULL_CONVERSION = YES;
				CLANG_WARN_OBJC_IMPLICIT_RETAIN_SELF = YES;
				CLANG_WARN_OBJC_LITERAL_CONVERSION = YES;
				CLANG_WARN_OBJC_ROOT_CLASS = YES_ERROR;
				CLANG_WARN_RANGE_LOOP_ANALYSIS = YES;
				CLANG_WARN_STRICT_PROTOTYPES = YES;
				CLANG_WARN_SUSPICIOUS_MOVE = YES;
				CLANG_WARN_UNGUARDED_AVAILABILITY = YES_AGGRESSIVE;
				CLANG_WARN_UNREACHABLE_CODE = YES;
				CLANG_WARN__DUPLICATE_METHOD_MATCH = YES;
				CODE_SIGN_IDENTITY = "iPhone Developer";
				COPY_PHASE_STRIP = NO;
				DEBUG_INFORMATION_FORMAT = "dwarf-with-dsym";
				ENABLE_NS_ASSERTIONS = NO;
				ENABLE_STRICT_OBJC_MSGSEND = YES;
				GCC_C_LANGUAGE_STANDARD = gnu11;
				GCC_NO_COMMON_BLOCKS = YES;
				GCC_WARN_64_TO_32_BIT_CONVERSION = YES;
				GCC_WARN_ABOUT_RETURN_TYPE = YES_ERROR;
				GCC_WARN_UNDECLARED_SELECTOR = YES;
				GCC_WARN_UNINITIALIZED_AUTOS = YES_AGGRESSIVE;
				GCC_WARN_UNUSED_FUNCTION = YES;
				GCC_WARN_UNUSED_VARIABLE = YES;
				IPHONEOS_DEPLOYMENT_TARGET = 11.1;
				MTL_ENABLE_DEBUG_INFO = NO;
				MTL_FAST_MATH = YES;
				SDKROOT = iphoneos;
				VALIDATE_PRODUCT = YES;
			};
			name = Release;
		};
		FA6748F82358A4A4003A268A /* Debug */ = {
			isa = XCBuildConfiguration;
			baseConfigurationReference = 046BE94170FA33979A4AA72B /* Pods-TEXT.debug.xcconfig */;
			buildSettings = {
				ASSETCATALOG_COMPILER_APPICON_NAME = AppIcon;
				CLANG_ENABLE_OBJC_ARC = YES;
				CODE_SIGN_STYLE = Automatic;
				INFOPLIST_FILE = TEXT/Info.plist;
				LD_RUNPATH_SEARCH_PATHS = (
					"$(inherited)",
					"@executable_path/Frameworks",
				);
				PRODUCT_BUNDLE_IDENTIFIER = new.TEXT;
				PRODUCT_NAME = "$(TARGET_NAME)";
				TARGETED_DEVICE_FAMILY = "1,2";
			};
			name = Debug;
		};
		FA6748F92358A4A4003A268A /* Release */ = {
			isa = XCBuildConfiguration;
			baseConfigurationReference = 2A4C0AB2B40F00DA5DB886D7 /* Pods-TEXT.release.xcconfig */;
			buildSettings = {
				ASSETCATALOG_COMPILER_APPICON_NAME = AppIcon;
				CLANG_ENABLE_OBJC_ARC = YES;
				CODE_SIGN_STYLE = Automatic;
				INFOPLIST_FILE = TEXT/Info.plist;
				LD_RUNPATH_SEARCH_PATHS = (
					"$(inherited)",
					"@executable_path/Frameworks",
				);
				PRODUCT_BUNDLE_IDENTIFIER = new.TEXT;
				PRODUCT_NAME = "$(TARGET_NAME)";
				TARGETED_DEVICE_FAMILY = "1,2";
			};
			name = Release;
		};
		FA6748FB2358A4A4003A268A /* Debug */ = {
			isa = XCBuildConfiguration;
			buildSettings = {
				BUNDLE_LOADER = "$(TEST_HOST)";
				CODE_SIGN_STYLE = Automatic;
				INFOPLIST_FILE = TEXTTests/Info.plist;
				LD_RUNPATH_SEARCH_PATHS = (
					"$(inherited)",
					"@executable_path/Frameworks",
					"@loader_path/Frameworks",
				);
				PRODUCT_BUNDLE_IDENTIFIER = new.TEXTTests;
				PRODUCT_NAME = "$(TARGET_NAME)";
				TARGETED_DEVICE_FAMILY = "1,2";
				TEST_HOST = "$(BUILT_PRODUCTS_DIR)/TEXT.app/TEXT";
			};
			name = Debug;
		};
		FA6748FC2358A4A4003A268A /* Release */ = {
			isa = XCBuildConfiguration;
			buildSettings = {
				BUNDLE_LOADER = "$(TEST_HOST)";
				CODE_SIGN_STYLE = Automatic;
				INFOPLIST_FILE = TEXTTests/Info.plist;
				LD_RUNPATH_SEARCH_PATHS = (
					"$(inherited)",
					"@executable_path/Frameworks",
					"@loader_path/Frameworks",
				);
				PRODUCT_BUNDLE_IDENTIFIER = new.TEXTTests;
				PRODUCT_NAME = "$(TARGET_NAME)";
				TARGETED_DEVICE_FAMILY = "1,2";
				TEST_HOST = "$(BUILT_PRODUCTS_DIR)/TEXT.app/TEXT";
			};
			name = Release;
		};
		FA6748FE2358A4A4003A268A /* Debug */ = {
			isa = XCBuildConfiguration;
			buildSettings = {
				CODE_SIGN_STYLE = Automatic;
				INFOPLIST_FILE = TEXTUITests/Info.plist;
				LD_RUNPATH_SEARCH_PATHS = (
					"$(inherited)",
					"@executable_path/Frameworks",
					"@loader_path/Frameworks",
				);
				PRODUCT_BUNDLE_IDENTIFIER = new.TEXTUITests;
				PRODUCT_NAME = "$(TARGET_NAME)";
				TARGETED_DEVICE_FAMILY = "1,2";
				TEST_TARGET_NAME = TEXT;
			};
			name = Debug;
		};
		FA6748FF2358A4A4003A268A /* Release */ = {
			isa = XCBuildConfiguration;
			buildSettings = {
				CODE_SIGN_STYLE = Automatic;
				INFOPLIST_FILE = TEXTUITests/Info.plist;
				LD_RUNPATH_SEARCH_PATHS = (
					"$(inherited)",
					"@executable_path/Frameworks",
					"@loader_path/Frameworks",
				);
				PRODUCT_BUNDLE_IDENTIFIER = new.TEXTUITests;
				PRODUCT_NAME = "$(TARGET_NAME)";
				TARGETED_DEVICE_FAMILY = "1,2";
				TEST_TARGET_NAME = TEXT;
			};
			name = Release;
		};
/* End XCBuildConfiguration section */

/* Begin XCConfigurationList section */
		FA6748C62358A4A0003A268A /* Build configuration list for PBXProject "TEXT" */ = {
			isa = XCConfigurationList;
			buildConfigurations = (
				FA6748F52358A4A4003A268A /* Debug */,
				FA6748F62358A4A4003A268A /* Release */,
			);
			defaultConfigurationIsVisible = 0;
			defaultConfigurationName = Release;
		};
		FA6748F72358A4A4003A268A /* Build configuration list for PBXNativeTarget "TEXT" */ = {
			isa = XCConfigurationList;
			buildConfigurations = (
				FA6748F82358A4A4003A268A /* Debug */,
				FA6748F92358A4A4003A268A /* Release */,
			);
			defaultConfigurationIsVisible = 0;
			defaultConfigurationName = Release;
		};
		FA6748FA2358A4A4003A268A /* Build configuration list for PBXNativeTarget "TEXTTests" */ = {
			isa = XCConfigurationList;
			buildConfigurations = (
				FA6748FB2358A4A4003A268A /* Debug */,
				FA6748FC2358A4A4003A268A /* Release */,
			);
			defaultConfigurationIsVisible = 0;
			defaultConfigurationName = Release;
		};
		FA6748FD2358A4A4003A268A /* Build configuration list for PBXNativeTarget "TEXTUITests" */ = {
			isa = XCConfigurationList;
			buildConfigurations = (
				FA6748FE2358A4A4003A268A /* Debug */,
				FA6748FF2358A4A4003A268A /* Release */,
			);
			defaultConfigurationIsVisible = 0;
			defaultConfigurationName = Release;
		};
/* End XCConfigurationList section */
	};
	rootObject = FA6748C32358A4A0003A268A /* Project object */;
}
